
Microsoft Visual Studio Solution File, Format Version 12.00
# Visual Studio Version 16
VisualStudioVersion = 16.0.29009.5
MinimumVisualStudioVersion = 10.0.40219.1
Project("{FAE04EC0-301F-11D3-BF4B-00C04F79EFBC}") = "Exercise1", "Exercise1\Exercise1.csproj", "{F8DE5E0F-2B8E-4740-90A7-7AF904B3FBD2}"
EndProject
Project("{FAE04EC0-301F-11D3-BF4B-00C04F79EFBC}") = "Exercise2", "Exercise2\Exercise2.csproj", "{990A7482-573D-4A0D-B51C-3DF2B2196A8A}"
EndProject
Project("{FAE04EC0-301F-11D3-BF4B-00C04F79EFBC}") = "Exercise4", "Exercise4\Exercise4.csproj", "{CCA47F71-40AE-4B2C-98E1-A4433D04FE7A}"
EndProject
Project("{9A19103F-16F7-4668-BE54-9A1E7A4F7556}") = "Loops3", "Loops3\Loops3.csproj", "{92A36C4E-1933-49B1-B65E-D0D6C4276FFB}"
EndProject
Project("{9A19103F-16F7-4668-BE54-9A1E7A4F7556}") = "Loops5", "Loops5\Loops5.csproj", "{A1D4D72C-EAD3-4CC6-925E-BF54F7EF855B}"
EndProject
Project("{9A19103F-16F7-4668-BE54-9A1E7A4F7556}") = "Loops6", "Loops6\Loops6.csproj", "{23430110-65C1-4F62-9613-9222E369A6E2}"
EndProject
Project("{9A19103F-16F7-4668-BE54-9A1E7A4F7556}") = "Loops7", "Loops7\Loops7.csproj", "{C6FE9394-DF24-41E3-9EFB-C89E00607B01}"
EndProject
Project("{FAE04EC0-301F-11D3-BF4B-00C04F79EFBC}") = "Loops8", "Loops8\Loops8.csproj", "{D48EBF72-8566-460A-86E9-47A9F66B5C90}"
EndProject
Project("{FAE04EC0-301F-11D3-BF4B-00C04F79EFBC}") = "Loops9", "Loops9\Loops9.csproj", "{88E5455C-B811-4F70-8E91-4971B19CB93F}"
EndProject
Project("{FAE04EC0-301F-11D3-BF4B-00C04F79EFBC}") = "Loops10", "Loops10\Loops10.csproj", "{A6B59518-8318-4213-BE08-E1A4A35CBC25}"
EndProject
Global
	GlobalSection(SolutionConfigurationPlatforms) = preSolution
		Debug|Any CPU = Debug|Any CPU
		Release|Any CPU = Release|Any CPU
	EndGlobalSection
	GlobalSection(ProjectConfigurationPlatforms) = postSolution
		{F8DE5E0F-2B8E-4740-90A7-7AF904B3FBD2}.Debug|Any CPU.ActiveCfg = Debug|Any CPU
		{F8DE5E0F-2B8E-4740-90A7-7AF904B3FBD2}.Debug|Any CPU.Build.0 = Debug|Any CPU
		{F8DE5E0F-2B8E-4740-90A7-7AF904B3FBD2}.Release|Any CPU.ActiveCfg = Release|Any CPU
		{F8DE5E0F-2B8E-4740-90A7-7AF904B3FBD2}.Release|Any CPU.Build.0 = Release|Any CPU
		{990A7482-573D-4A0D-B51C-3DF2B2196A8A}.Debug|Any CPU.ActiveCfg = Debug|Any CPU
		{990A7482-573D-4A0D-B51C-3DF2B2196A8A}.Debug|Any CPU.Build.0 = Debug|Any CPU
		{990A7482-573D-4A0D-B51C-3DF2B2196A8A}.Release|Any CPU.ActiveCfg = Release|Any CPU
		{990A7482-573D-4A0D-B51C-3DF2B2196A8A}.Release|Any CPU.Build.0 = Release|Any CPU
		{CCA47F71-40AE-4B2C-98E1-A4433D04FE7A}.Debug|Any CPU.ActiveCfg = Debug|Any CPU
		{CCA47F71-40AE-4B2C-98E1-A4433D04FE7A}.Debug|Any CPU.Build.0 = Debug|Any CPU
		{CCA47F71-40AE-4B2C-98E1-A4433D04FE7A}.Release|Any CPU.ActiveCfg = Release|Any CPU
		{CCA47F71-40AE-4B2C-98E1-A4433D04FE7A}.Release|Any CPU.Build.0 = Release|Any CPU
		{92A36C4E-1933-49B1-B65E-D0D6C4276FFB}.Debug|Any CPU.ActiveCfg = Debug|Any CPU
		{92A36C4E-1933-49B1-B65E-D0D6C4276FFB}.Debug|Any CPU.Build.0 = Debug|Any CPU
		{92A36C4E-1933-49B1-B65E-D0D6C4276FFB}.Release|Any CPU.ActiveCfg = Release|Any CPU
		{92A36C4E-1933-49B1-B65E-D0D6C4276FFB}.Release|Any CPU.Build.0 = Release|Any CPU
		{A1D4D72C-EAD3-4CC6-925E-BF54F7EF855B}.Debug|Any CPU.ActiveCfg = Debug|Any CPU
		{A1D4D72C-EAD3-4CC6-925E-BF54F7EF855B}.Debug|Any CPU.Build.0 = Debug|Any CPU
		{A1D4D72C-EAD3-4CC6-925E-BF54F7EF855B}.Release|Any CPU.ActiveCfg = Release|Any CPU
		{A1D4D72C-EAD3-4CC6-925E-BF54F7EF855B}.Release|Any CPU.Build.0 = Release|Any CPU
		{23430110-65C1-4F62-9613-9222E369A6E2}.Debug|Any CPU.ActiveCfg = Debug|Any CPU
		{23430110-65C1-4F62-9613-9222E369A6E2}.Debug|Any CPU.Build.0 = Debug|Any CPU
		{23430110-65C1-4F62-9613-9222E369A6E2}.Release|Any CPU.ActiveCfg = Release|Any CPU
		{23430110-65C1-4F62-9613-9222E369A6E2}.Release|Any CPU.Build.0 = Release|Any CPU
		{C6FE9394-DF24-41E3-9EFB-C89E00607B01}.Debug|Any CPU.ActiveCfg = Debug|Any CPU
		{C6FE9394-DF24-41E3-9EFB-C89E00607B01}.Debug|Any CPU.Build.0 = Debug|Any CPU
		{C6FE9394-DF24-41E3-9EFB-C89E00607B01}.Release|Any CPU.ActiveCfg = Release|Any CPU
		{C6FE9394-DF24-41E3-9EFB-C89E00607B01}.Release|Any CPU.Build.0 = Release|Any CPU
		{D48EBF72-8566-460A-86E9-47A9F66B5C90}.Debug|Any CPU.ActiveCfg = Debug|Any CPU
		{D48EBF72-8566-460A-86E9-47A9F66B5C90}.Debug|Any CPU.Build.0 = Debug|Any CPU
		{D48EBF72-8566-460A-86E9-47A9F66B5C90}.Release|Any CPU.ActiveCfg = Release|Any CPU
		{D48EBF72-8566-460A-86E9-47A9F66B5C90}.Release|Any CPU.Build.0 = Release|Any CPU
		{88E5455C-B811-4F70-8E91-4971B19CB93F}.Debug|Any CPU.ActiveCfg = Debug|Any CPU
		{88E5455C-B811-4F70-8E91-4971B19CB93F}.Debug|Any CPU.Build.0 = Debug|Any CPU
		{88E5455C-B811-4F70-8E91-4971B19CB93F}.Release|Any CPU.ActiveCfg = Release|Any CPU
		{88E5455C-B811-4F70-8E91-4971B19CB93F}.Release|Any CPU.Build.0 = Release|Any CPU
		{A6B59518-8318-4213-BE08-E1A4A35CBC25}.Debug|Any CPU.ActiveCfg = Debug|Any CPU
		{A6B59518-8318-4213-BE08-E1A4A35CBC25}.Debug|Any CPU.Build.0 = Debug|Any CPU
		{A6B59518-8318-4213-BE08-E1A4A35CBC25}.Release|Any CPU.ActiveCfg = Release|Any CPU
		{A6B59518-8318-4213-BE08-E1A4A35CBC25}.Release|Any CPU.Build.0 = Release|Any CPU
	EndGlobalSection
	GlobalSection(SolutionProperties) = preSolution
		HideSolutionNode = FALSE
	EndGlobalSection
	GlobalSection(ExtensibilityGlobals) = postSolution
		SolutionGuid = {9E2B805A-E209-4714-AE87-3C7317951F1D}
	EndGlobalSection
EndGlobal
